
Microsoft Visual Studio Solution File, Format Version 12.00
# Visual Studio 14
VisualStudioVersion = 14.0.25123.0
MinimumVisualStudioVersion = 10.0.40219.1
Project("{FAE04EC0-301F-11D3-BF4B-00C04F79EFBC}") = "VTS.Repository", "VTS.Repository\VTS.Repository.csproj", "{65B16266-5D8E-48D6-9642-3ABF3606E430}"
EndProject
Project("{FAE04EC0-301F-11D3-BF4B-00C04F79EFBC}") = "VTS.Entity", "VTS.Entity\VTS.Entity.csproj", "{3D15CEEB-245D-4903-A9D2-1E1E20E64CBC}"
EndProject
Project("{FAE04EC0-301F-11D3-BF4B-00C04F79EFBC}") = "VTS.DTO", "VTS.DTO\VTS.DTO.csproj", "{9569A84D-E4B4-4214-8BAB-E17122A1A7A9}"
EndProject
Project("{FAE04EC0-301F-11D3-BF4B-00C04F79EFBC}") = "VTS.BL", "VTS.BL\VTS.BL.csproj", "{18EB19FE-9B57-4D6B-8EF7-AB5C659C3D3F}"
EndProject
Project("{FAE04EC0-301F-11D3-BF4B-00C04F79EFBC}") = "VTS.BL.Test", "VTS.Test\VTS.BL.Test.csproj", "{E7E187C8-05AA-41F4-90F6-D45293401C7B}"
EndProject
Project("{FAE04EC0-301F-11D3-BF4B-00C04F79EFBC}") = "VTS.WebAPI", "VTS.WebAPI\VTS.WebAPI.csproj", "{7CA2DE1C-F381-480C-A9C2-3FFC9ED953F5}"
EndProject
Project("{FAE04EC0-301F-11D3-BF4B-00C04F79EFBC}") = "VTS.WebAPI.Tests", "VTS.WebAPI.Tests\VTS.WebAPI.Tests.csproj", "{055E65CF-B717-4F0C-8941-398B9F710909}"
EndProject
Project("{FAE04EC0-301F-11D3-BF4B-00C04F79EFBC}") = "VTS.Helpers", "VTS.Helpers\VTS.Helpers.csproj", "{9E1E45FD-753A-4282-9322-9C9BC86543A8}"
EndProject
Project("{FAE04EC0-301F-11D3-BF4B-00C04F79EFBC}") = "VTS.DependencyInjectionRegister", "VTS.DependencyInjectionRegister\VTS.DependencyInjectionRegister.csproj", "{439B9B12-22DF-4F98-AF2B-B054642348AF}"
EndProject
Project("{FAE04EC0-301F-11D3-BF4B-00C04F79EFBC}") = "VTS.VehicleSimulator", "VTS.VehicleSimulator\VTS.VehicleSimulator.csproj", "{B65DBE72-B3AC-493B-BA18-9798B7A03DC5}"
EndProject
Project("{FAE04EC0-301F-11D3-BF4B-00C04F79EFBC}") = "VTS.VehicleListener", "VTS.VehicleListener\VTS.VehicleListener.csproj", "{016D1EEE-FBDB-4EFF-939B-8623AA5CD434}"
EndProject
Project("{FAE04EC0-301F-11D3-BF4B-00C04F79EFBC}") = "VTS.UI.Web", "VTS.UI.Web\VTS.UI.Web.csproj", "{77E39300-6B5A-483C-B553-4876FD320A55}"
EndProject
Project("{FAE04EC0-301F-11D3-BF4B-00C04F79EFBC}") = "VTS.Data.Sql", "VTS.Data.Sql\VTS.Data.Sql.csproj", "{268BEBC4-AAB3-4490-93F0-21EE01975B97}"
EndProject
Project("{2150E333-8FDC-42A3-9474-1A3956D46DE8}") = "3.BL", "3.BL", "{3E349D7A-FDED-429B-B278-AA408E5DB130}"
EndProject
Project("{2150E333-8FDC-42A3-9474-1A3956D46DE8}") = "2.DAL", "2.DAL", "{91935186-E17C-4087-9719-63C6B71574B7}"
EndProject
Project("{2150E333-8FDC-42A3-9474-1A3956D46DE8}") = "9.Helpers", "9.Helpers", "{31AF36F2-A802-4FF2-A18C-378E8CEEDECF}"
EndProject
Project("{2150E333-8FDC-42A3-9474-1A3956D46DE8}") = "5.Entities", "5.Entities", "{C4E1231F-96BC-4EBE-8949-07867BEDAC65}"
EndProject
Project("{2150E333-8FDC-42A3-9474-1A3956D46DE8}") = "7.Listeners", "7.Listeners", "{BF3D44F9-3D5A-4877-8A3F-8E5D0D6676B7}"
EndProject
Project("{2150E333-8FDC-42A3-9474-1A3956D46DE8}") = "8.Simulator", "8.Simulator", "{C6CBEBCB-2BF4-4CF1-90F4-054406967418}"
EndProject
Project("{2150E333-8FDC-42A3-9474-1A3956D46DE8}") = "4.Services", "4.Services", "{E2A69BF0-B60F-4314-9BAE-83B514709CCC}"
EndProject
Project("{2150E333-8FDC-42A3-9474-1A3956D46DE8}") = "6.UI", "6.UI", "{FF591CA0-7CC3-42EC-A6EC-F5B37C316B55}"
EndProject
Project("{2150E333-8FDC-42A3-9474-1A3956D46DE8}") = "Repositories", "Repositories", "{3B0115D1-D204-4238-A8AA-86CF87FDB358}"
EndProject
Project("{2150E333-8FDC-42A3-9474-1A3956D46DE8}") = "1.Database", "1.Database", "{14DA7D9E-E171-4CC7-A734-3CF46E0AFD70}"
EndProject
Project("{2150E333-8FDC-42A3-9474-1A3956D46DE8}") = "Testing", "Testing", "{160B3E7B-62B2-479F-B851-BC6617E45008}"
EndProject
Global
	GlobalSection(SolutionConfigurationPlatforms) = preSolution
		Debug|Any CPU = Debug|Any CPU
		Release|Any CPU = Release|Any CPU
	EndGlobalSection
	GlobalSection(ProjectConfigurationPlatforms) = postSolution
		{65B16266-5D8E-48D6-9642-3ABF3606E430}.Debug|Any CPU.ActiveCfg = Debug|Any CPU
		{65B16266-5D8E-48D6-9642-3ABF3606E430}.Debug|Any CPU.Build.0 = Debug|Any CPU
		{65B16266-5D8E-48D6-9642-3ABF3606E430}.Release|Any CPU.ActiveCfg = Release|Any CPU
		{65B16266-5D8E-48D6-9642-3ABF3606E430}.Release|Any CPU.Build.0 = Release|Any CPU
		{3D15CEEB-245D-4903-A9D2-1E1E20E64CBC}.Debug|Any CPU.ActiveCfg = Debug|Any CPU
		{3D15CEEB-245D-4903-A9D2-1E1E20E64CBC}.Debug|Any CPU.Build.0 = Debug|Any CPU
		{3D15CEEB-245D-4903-A9D2-1E1E20E64CBC}.Release|Any CPU.ActiveCfg = Release|Any CPU
		{3D15CEEB-245D-4903-A9D2-1E1E20E64CBC}.Release|Any CPU.Build.0 = Release|Any CPU
		{9569A84D-E4B4-4214-8BAB-E17122A1A7A9}.Debug|Any CPU.ActiveCfg = Debug|Any CPU
		{9569A84D-E4B4-4214-8BAB-E17122A1A7A9}.Debug|Any CPU.Build.0 = Debug|Any CPU
		{9569A84D-E4B4-4214-8BAB-E17122A1A7A9}.Release|Any CPU.ActiveCfg = Release|Any CPU
		{9569A84D-E4B4-4214-8BAB-E17122A1A7A9}.Release|Any CPU.Build.0 = Release|Any CPU
		{18EB19FE-9B57-4D6B-8EF7-AB5C659C3D3F}.Debug|Any CPU.ActiveCfg = Debug|Any CPU
		{18EB19FE-9B57-4D6B-8EF7-AB5C659C3D3F}.Debug|Any CPU.Build.0 = Debug|Any CPU
		{18EB19FE-9B57-4D6B-8EF7-AB5C659C3D3F}.Release|Any CPU.ActiveCfg = Release|Any CPU
		{18EB19FE-9B57-4D6B-8EF7-AB5C659C3D3F}.Release|Any CPU.Build.0 = Release|Any CPU
		{E7E187C8-05AA-41F4-90F6-D45293401C7B}.Debug|Any CPU.ActiveCfg = Debug|Any CPU
		{E7E187C8-05AA-41F4-90F6-D45293401C7B}.Debug|Any CPU.Build.0 = Debug|Any CPU
		{E7E187C8-05AA-41F4-90F6-D45293401C7B}.Release|Any CPU.ActiveCfg = Release|Any CPU
		{E7E187C8-05AA-41F4-90F6-D45293401C7B}.Release|Any CPU.Build.0 = Release|Any CPU
		{7CA2DE1C-F381-480C-A9C2-3FFC9ED953F5}.Debug|Any CPU.ActiveCfg = Debug|Any CPU
		{7CA2DE1C-F381-480C-A9C2-3FFC9ED953F5}.Debug|Any CPU.Build.0 = Debug|Any CPU
		{7CA2DE1C-F381-480C-A9C2-3FFC9ED953F5}.Release|Any CPU.ActiveCfg = Release|Any CPU
		{7CA2DE1C-F381-480C-A9C2-3FFC9ED953F5}.Release|Any CPU.Build.0 = Release|Any CPU
		{055E65CF-B717-4F0C-8941-398B9F710909}.Debug|Any CPU.ActiveCfg = Debug|Any CPU
		{055E65CF-B717-4F0C-8941-398B9F710909}.Debug|Any CPU.Build.0 = Debug|Any CPU
		{055E65CF-B717-4F0C-8941-398B9F710909}.Release|Any CPU.ActiveCfg = Release|Any CPU
		{055E65CF-B717-4F0C-8941-398B9F710909}.Release|Any CPU.Build.0 = Release|Any CPU
		{9E1E45FD-753A-4282-9322-9C9BC86543A8}.Debug|Any CPU.ActiveCfg = Debug|Any CPU
		{9E1E45FD-753A-4282-9322-9C9BC86543A8}.Debug|Any CPU.Build.0 = Debug|Any CPU
		{9E1E45FD-753A-4282-9322-9C9BC86543A8}.Release|Any CPU.ActiveCfg = Release|Any CPU
		{9E1E45FD-753A-4282-9322-9C9BC86543A8}.Release|Any CPU.Build.0 = Release|Any CPU
		{439B9B12-22DF-4F98-AF2B-B054642348AF}.Debug|Any CPU.ActiveCfg = Debug|Any CPU
		{439B9B12-22DF-4F98-AF2B-B054642348AF}.Debug|Any CPU.Build.0 = Debug|Any CPU
		{439B9B12-22DF-4F98-AF2B-B054642348AF}.Release|Any CPU.ActiveCfg = Release|Any CPU
		{439B9B12-22DF-4F98-AF2B-B054642348AF}.Release|Any CPU.Build.0 = Release|Any CPU
		{B65DBE72-B3AC-493B-BA18-9798B7A03DC5}.Debug|Any CPU.ActiveCfg = Debug|Any CPU
		{B65DBE72-B3AC-493B-BA18-9798B7A03DC5}.Debug|Any CPU.Build.0 = Debug|Any CPU
		{B65DBE72-B3AC-493B-BA18-9798B7A03DC5}.Release|Any CPU.ActiveCfg = Release|Any CPU
		{B65DBE72-B3AC-493B-BA18-9798B7A03DC5}.Release|Any CPU.Build.0 = Release|Any CPU
		{016D1EEE-FBDB-4EFF-939B-8623AA5CD434}.Debug|Any CPU.ActiveCfg = Debug|Any CPU
		{016D1EEE-FBDB-4EFF-939B-8623AA5CD434}.Debug|Any CPU.Build.0 = Debug|Any CPU
		{016D1EEE-FBDB-4EFF-939B-8623AA5CD434}.Release|Any CPU.ActiveCfg = Release|Any CPU
		{016D1EEE-FBDB-4EFF-939B-8623AA5CD434}.Release|Any CPU.Build.0 = Release|Any CPU
		{77E39300-6B5A-483C-B553-4876FD320A55}.Debug|Any CPU.ActiveCfg = Debug|Any CPU
		{77E39300-6B5A-483C-B553-4876FD320A55}.Debug|Any CPU.Build.0 = Debug|Any CPU
		{77E39300-6B5A-483C-B553-4876FD320A55}.Release|Any CPU.ActiveCfg = Release|Any CPU
		{77E39300-6B5A-483C-B553-4876FD320A55}.Release|Any CPU.Build.0 = Release|Any CPU
		{268BEBC4-AAB3-4490-93F0-21EE01975B97}.Debug|Any CPU.ActiveCfg = Debug|Any CPU
		{268BEBC4-AAB3-4490-93F0-21EE01975B97}.Debug|Any CPU.Build.0 = Debug|Any CPU
		{268BEBC4-AAB3-4490-93F0-21EE01975B97}.Release|Any CPU.ActiveCfg = Release|Any CPU
		{268BEBC4-AAB3-4490-93F0-21EE01975B97}.Release|Any CPU.Build.0 = Release|Any CPU
	EndGlobalSection
	GlobalSection(SolutionProperties) = preSolution
		HideSolutionNode = FALSE
	EndGlobalSection
	GlobalSection(NestedProjects) = preSolution
		{65B16266-5D8E-48D6-9642-3ABF3606E430} = {3B0115D1-D204-4238-A8AA-86CF87FDB358}
		{3D15CEEB-245D-4903-A9D2-1E1E20E64CBC} = {C4E1231F-96BC-4EBE-8949-07867BEDAC65}
		{9569A84D-E4B4-4214-8BAB-E17122A1A7A9} = {C4E1231F-96BC-4EBE-8949-07867BEDAC65}
		{18EB19FE-9B57-4D6B-8EF7-AB5C659C3D3F} = {3E349D7A-FDED-429B-B278-AA408E5DB130}
		{E7E187C8-05AA-41F4-90F6-D45293401C7B} = {160B3E7B-62B2-479F-B851-BC6617E45008}
		{7CA2DE1C-F381-480C-A9C2-3FFC9ED953F5} = {E2A69BF0-B60F-4314-9BAE-83B514709CCC}
		{055E65CF-B717-4F0C-8941-398B9F710909} = {160B3E7B-62B2-479F-B851-BC6617E45008}
		{9E1E45FD-753A-4282-9322-9C9BC86543A8} = {31AF36F2-A802-4FF2-A18C-378E8CEEDECF}
		{439B9B12-22DF-4F98-AF2B-B054642348AF} = {31AF36F2-A802-4FF2-A18C-378E8CEEDECF}
		{B65DBE72-B3AC-493B-BA18-9798B7A03DC5} = {C6CBEBCB-2BF4-4CF1-90F4-054406967418}
		{016D1EEE-FBDB-4EFF-939B-8623AA5CD434} = {BF3D44F9-3D5A-4877-8A3F-8E5D0D6676B7}
		{77E39300-6B5A-483C-B553-4876FD320A55} = {FF591CA0-7CC3-42EC-A6EC-F5B37C316B55}
		{268BEBC4-AAB3-4490-93F0-21EE01975B97} = {14DA7D9E-E171-4CC7-A734-3CF46E0AFD70}
		{3B0115D1-D204-4238-A8AA-86CF87FDB358} = {91935186-E17C-4087-9719-63C6B71574B7}
	EndGlobalSection
EndGlobal
