
Microsoft Visual Studio Solution File, Format Version 12.00
# Visual Studio 15
VisualStudioVersion = 15.0.26403.7
MinimumVisualStudioVersion = 10.0.40219.1
Project("{FAE04EC0-301F-11D3-BF4B-00C04F79EFBC}") = "VTS.FileStore", "VTS.CollectionStore\VTS.FileStore.csproj", "{9389EF14-C925-4A40-BE14-16D4F490A0AA}"
EndProject
Project("{FAE04EC0-301F-11D3-BF4B-00C04F79EFBC}") = "VTS.Repository", "VTS.Repository\VTS.Repository.csproj", "{65B16266-5D8E-48D6-9642-3ABF3606E430}"
EndProject
Project("{FAE04EC0-301F-11D3-BF4B-00C04F79EFBC}") = "VTS.Entity", "VTS.Entity\VTS.Entity.csproj", "{3D15CEEB-245D-4903-A9D2-1E1E20E64CBC}"
EndProject
Project("{FAE04EC0-301F-11D3-BF4B-00C04F79EFBC}") = "VTS.DTO", "VTS.DTO\VTS.DTO.csproj", "{9569A84D-E4B4-4214-8BAB-E17122A1A7A9}"
EndProject
Project("{FAE04EC0-301F-11D3-BF4B-00C04F79EFBC}") = "VTS.BL", "VTS.BL\VTS.BL.csproj", "{18EB19FE-9B57-4D6B-8EF7-AB5C659C3D3F}"
EndProject
Project("{FAE04EC0-301F-11D3-BF4B-00C04F79EFBC}") = "VTS.Test", "VTS.Test\VTS.Test.csproj", "{E7E187C8-05AA-41F4-90F6-D45293401C7B}"
EndProject
Project("{FAE04EC0-301F-11D3-BF4B-00C04F79EFBC}") = "VTS.StatusListner", "VTS.StatusListner\VTS.StatusListner.csproj", "{D2E189D1-46E7-4B4C-8A18-C9F954547288}"
EndProject
Project("{FAE04EC0-301F-11D3-BF4B-00C04F79EFBC}") = "VTS.WebAPI", "VTS.WebAPI\VTS.WebAPI.csproj", "{7CA2DE1C-F381-480C-A9C2-3FFC9ED953F5}"
EndProject
Project("{FAE04EC0-301F-11D3-BF4B-00C04F79EFBC}") = "VTS.WebAPI.Tests", "VTS.WebAPI.Tests\VTS.WebAPI.Tests.csproj", "{055E65CF-B717-4F0C-8941-398B9F710909}"
EndProject
Project("{FAE04EC0-301F-11D3-BF4B-00C04F79EFBC}") = "VTS.Helpers", "VTS.Helpers\VTS.Helpers.csproj", "{9E1E45FD-753A-4282-9322-9C9BC86543A8}"
EndProject
Project("{FAE04EC0-301F-11D3-BF4B-00C04F79EFBC}") = "VTS.DependencyInjectionRegister", "VTS.DependencyInjectionRegister\VTS.DependencyInjectionRegister.csproj", "{439B9B12-22DF-4F98-AF2B-B054642348AF}"
EndProject
Project("{FAE04EC0-301F-11D3-BF4B-00C04F79EFBC}") = "VTS.VehicleSimulator", "VTS.VehicleSimulator\VTS.VehicleSimulator.csproj", "{B65DBE72-B3AC-493B-BA18-9798B7A03DC5}"
EndProject
Project("{FAE04EC0-301F-11D3-BF4B-00C04F79EFBC}") = "VTS.VehicleListener", "VTS.VehicleListener\VTS.VehicleListener.csproj", "{016D1EEE-FBDB-4EFF-939B-8623AA5CD434}"
EndProject
Global
	GlobalSection(SolutionConfigurationPlatforms) = preSolution
		Debug|Any CPU = Debug|Any CPU
		Release|Any CPU = Release|Any CPU
	EndGlobalSection
	GlobalSection(ProjectConfigurationPlatforms) = postSolution
		{9389EF14-C925-4A40-BE14-16D4F490A0AA}.Debug|Any CPU.ActiveCfg = Debug|Any CPU
		{9389EF14-C925-4A40-BE14-16D4F490A0AA}.Debug|Any CPU.Build.0 = Debug|Any CPU
		{9389EF14-C925-4A40-BE14-16D4F490A0AA}.Release|Any CPU.ActiveCfg = Release|Any CPU
		{9389EF14-C925-4A40-BE14-16D4F490A0AA}.Release|Any CPU.Build.0 = Release|Any CPU
		{65B16266-5D8E-48D6-9642-3ABF3606E430}.Debug|Any CPU.ActiveCfg = Debug|Any CPU
		{65B16266-5D8E-48D6-9642-3ABF3606E430}.Debug|Any CPU.Build.0 = Debug|Any CPU
		{65B16266-5D8E-48D6-9642-3ABF3606E430}.Release|Any CPU.ActiveCfg = Release|Any CPU
		{65B16266-5D8E-48D6-9642-3ABF3606E430}.Release|Any CPU.Build.0 = Release|Any CPU
		{3D15CEEB-245D-4903-A9D2-1E1E20E64CBC}.Debug|Any CPU.ActiveCfg = Debug|Any CPU
		{3D15CEEB-245D-4903-A9D2-1E1E20E64CBC}.Debug|Any CPU.Build.0 = Debug|Any CPU
		{3D15CEEB-245D-4903-A9D2-1E1E20E64CBC}.Release|Any CPU.ActiveCfg = Release|Any CPU
		{3D15CEEB-245D-4903-A9D2-1E1E20E64CBC}.Release|Any CPU.Build.0 = Release|Any CPU
		{9569A84D-E4B4-4214-8BAB-E17122A1A7A9}.Debug|Any CPU.ActiveCfg = Debug|Any CPU
		{9569A84D-E4B4-4214-8BAB-E17122A1A7A9}.Debug|Any CPU.Build.0 = Debug|Any CPU
		{9569A84D-E4B4-4214-8BAB-E17122A1A7A9}.Release|Any CPU.ActiveCfg = Release|Any CPU
		{9569A84D-E4B4-4214-8BAB-E17122A1A7A9}.Release|Any CPU.Build.0 = Release|Any CPU
		{18EB19FE-9B57-4D6B-8EF7-AB5C659C3D3F}.Debug|Any CPU.ActiveCfg = Debug|Any CPU
		{18EB19FE-9B57-4D6B-8EF7-AB5C659C3D3F}.Debug|Any CPU.Build.0 = Debug|Any CPU
		{18EB19FE-9B57-4D6B-8EF7-AB5C659C3D3F}.Release|Any CPU.ActiveCfg = Release|Any CPU
		{18EB19FE-9B57-4D6B-8EF7-AB5C659C3D3F}.Release|Any CPU.Build.0 = Release|Any CPU
		{E7E187C8-05AA-41F4-90F6-D45293401C7B}.Debug|Any CPU.ActiveCfg = Debug|Any CPU
		{E7E187C8-05AA-41F4-90F6-D45293401C7B}.Debug|Any CPU.Build.0 = Debug|Any CPU
		{E7E187C8-05AA-41F4-90F6-D45293401C7B}.Release|Any CPU.ActiveCfg = Release|Any CPU
		{E7E187C8-05AA-41F4-90F6-D45293401C7B}.Release|Any CPU.Build.0 = Release|Any CPU
		{D2E189D1-46E7-4B4C-8A18-C9F954547288}.Debug|Any CPU.ActiveCfg = Debug|Any CPU
		{D2E189D1-46E7-4B4C-8A18-C9F954547288}.Debug|Any CPU.Build.0 = Debug|Any CPU
		{D2E189D1-46E7-4B4C-8A18-C9F954547288}.Release|Any CPU.ActiveCfg = Release|Any CPU
		{D2E189D1-46E7-4B4C-8A18-C9F954547288}.Release|Any CPU.Build.0 = Release|Any CPU
		{7CA2DE1C-F381-480C-A9C2-3FFC9ED953F5}.Debug|Any CPU.ActiveCfg = Debug|Any CPU
		{7CA2DE1C-F381-480C-A9C2-3FFC9ED953F5}.Debug|Any CPU.Build.0 = Debug|Any CPU
		{7CA2DE1C-F381-480C-A9C2-3FFC9ED953F5}.Release|Any CPU.ActiveCfg = Release|Any CPU
		{7CA2DE1C-F381-480C-A9C2-3FFC9ED953F5}.Release|Any CPU.Build.0 = Release|Any CPU
		{055E65CF-B717-4F0C-8941-398B9F710909}.Debug|Any CPU.ActiveCfg = Debug|Any CPU
		{055E65CF-B717-4F0C-8941-398B9F710909}.Debug|Any CPU.Build.0 = Debug|Any CPU
		{055E65CF-B717-4F0C-8941-398B9F710909}.Release|Any CPU.ActiveCfg = Release|Any CPU
		{055E65CF-B717-4F0C-8941-398B9F710909}.Release|Any CPU.Build.0 = Release|Any CPU
		{9E1E45FD-753A-4282-9322-9C9BC86543A8}.Debug|Any CPU.ActiveCfg = Debug|Any CPU
		{9E1E45FD-753A-4282-9322-9C9BC86543A8}.Debug|Any CPU.Build.0 = Debug|Any CPU
		{9E1E45FD-753A-4282-9322-9C9BC86543A8}.Release|Any CPU.ActiveCfg = Release|Any CPU
		{9E1E45FD-753A-4282-9322-9C9BC86543A8}.Release|Any CPU.Build.0 = Release|Any CPU
		{439B9B12-22DF-4F98-AF2B-B054642348AF}.Debug|Any CPU.ActiveCfg = Debug|Any CPU
		{439B9B12-22DF-4F98-AF2B-B054642348AF}.Debug|Any CPU.Build.0 = Debug|Any CPU
		{439B9B12-22DF-4F98-AF2B-B054642348AF}.Release|Any CPU.ActiveCfg = Release|Any CPU
		{439B9B12-22DF-4F98-AF2B-B054642348AF}.Release|Any CPU.Build.0 = Release|Any CPU
		{B65DBE72-B3AC-493B-BA18-9798B7A03DC5}.Debug|Any CPU.ActiveCfg = Debug|Any CPU
		{B65DBE72-B3AC-493B-BA18-9798B7A03DC5}.Debug|Any CPU.Build.0 = Debug|Any CPU
		{B65DBE72-B3AC-493B-BA18-9798B7A03DC5}.Release|Any CPU.ActiveCfg = Release|Any CPU
		{B65DBE72-B3AC-493B-BA18-9798B7A03DC5}.Release|Any CPU.Build.0 = Release|Any CPU
		{016D1EEE-FBDB-4EFF-939B-8623AA5CD434}.Debug|Any CPU.ActiveCfg = Debug|Any CPU
		{016D1EEE-FBDB-4EFF-939B-8623AA5CD434}.Debug|Any CPU.Build.0 = Debug|Any CPU
		{016D1EEE-FBDB-4EFF-939B-8623AA5CD434}.Release|Any CPU.ActiveCfg = Release|Any CPU
		{016D1EEE-FBDB-4EFF-939B-8623AA5CD434}.Release|Any CPU.Build.0 = Release|Any CPU
	EndGlobalSection
	GlobalSection(SolutionProperties) = preSolution
		HideSolutionNode = FALSE
	EndGlobalSection
EndGlobal
